
Microsoft Visual Studio Solution File, Format Version 12.00
# Visual Studio Version 17
VisualStudioVersion = 17.1.32421.90
MinimumVisualStudioVersion = 10.0.40219.1
Project("{9A19103F-16F7-4668-BE54-9A1E7A4F7556}") = "Proyecto Blazor", "Proyecto Blazor\Proyecto Blazor.csproj", "{DCEFAB46-1BEF-4103-90FC-C776CD1C05FE}"
EndProject
Project("{FAE04EC0-301F-11D3-BF4B-00C04F79EFBC}") = "Modelos", "Modelos\Modelos.csproj", "{32833F9A-FBF6-4EED-9CB8-2B8F7EFBA073}"
EndProject
Project("{FAE04EC0-301F-11D3-BF4B-00C04F79EFBC}") = "Datos", "Datos\Datos.csproj", "{3AAEACC2-807D-431F-9505-3DA987C7AA2F}"
EndProject
Global
	GlobalSection(SolutionConfigurationPlatforms) = preSolution
		Debug|Any CPU = Debug|Any CPU
		Release|Any CPU = Release|Any CPU
	EndGlobalSection
	GlobalSection(ProjectConfigurationPlatforms) = postSolution
		{DCEFAB46-1BEF-4103-90FC-C776CD1C05FE}.Debug|Any CPU.ActiveCfg = Debug|Any CPU
		{DCEFAB46-1BEF-4103-90FC-C776CD1C05FE}.Debug|Any CPU.Build.0 = Debug|Any CPU
		{DCEFAB46-1BEF-4103-90FC-C776CD1C05FE}.Release|Any CPU.ActiveCfg = Release|Any CPU
		{DCEFAB46-1BEF-4103-90FC-C776CD1C05FE}.Release|Any CPU.Build.0 = Release|Any CPU
		{32833F9A-FBF6-4EED-9CB8-2B8F7EFBA073}.Debug|Any CPU.ActiveCfg = Debug|Any CPU
		{32833F9A-FBF6-4EED-9CB8-2B8F7EFBA073}.Debug|Any CPU.Build.0 = Debug|Any CPU
		{32833F9A-FBF6-4EED-9CB8-2B8F7EFBA073}.Release|Any CPU.ActiveCfg = Release|Any CPU
		{32833F9A-FBF6-4EED-9CB8-2B8F7EFBA073}.Release|Any CPU.Build.0 = Release|Any CPU
		{3AAEACC2-807D-431F-9505-3DA987C7AA2F}.Debug|Any CPU.ActiveCfg = Debug|Any CPU
		{3AAEACC2-807D-431F-9505-3DA987C7AA2F}.Debug|Any CPU.Build.0 = Debug|Any CPU
		{3AAEACC2-807D-431F-9505-3DA987C7AA2F}.Release|Any CPU.ActiveCfg = Release|Any CPU
		{3AAEACC2-807D-431F-9505-3DA987C7AA2F}.Release|Any CPU.Build.0 = Release|Any CPU
	EndGlobalSection
	GlobalSection(SolutionProperties) = preSolution
		HideSolutionNode = FALSE
	EndGlobalSection
	GlobalSection(ExtensibilityGlobals) = postSolution
		SolutionGuid = {84868BEF-B9B5-4ACA-8332-D52027AF1A9B}
	EndGlobalSection
EndGlobal
